
Microsoft Visual Studio Solution File, Format Version 12.00
# Visual Studio Version 17
VisualStudioVersion = 17.3.32929.385
MinimumVisualStudioVersion = 10.0.40219.1
Project("{FAE04EC0-301F-11D3-BF4B-00C04F79EFBC}") = "TestStGenentics.Shared", "TestStGenentics.Shared\TestStGenentics.Shared.csproj", "{E11E75CD-76B0-4287-B60A-01369ECFC75C}"
EndProject
Project("{FAE04EC0-301F-11D3-BF4B-00C04F79EFBC}") = "TestStGenentics.Api", "TestStGenentics.Api\TestStGenentics.Api.csproj", "{68788232-4A6A-4294-A4B3-02D182EC8B36}"
EndProject
Project("{FAE04EC0-301F-11D3-BF4B-00C04F79EFBC}") = "TestStGenentics.Web", "TestStGenentics.Web\TestStGenentics.Web.csproj", "{BCC2C996-8324-4F7B-87EC-C990722D73A1}"
EndProject
Global
	GlobalSection(SolutionConfigurationPlatforms) = preSolution
		Debug|Any CPU = Debug|Any CPU
		Release|Any CPU = Release|Any CPU
	EndGlobalSection
	GlobalSection(ProjectConfigurationPlatforms) = postSolution
		{E11E75CD-76B0-4287-B60A-01369ECFC75C}.Debug|Any CPU.ActiveCfg = Debug|Any CPU
		{E11E75CD-76B0-4287-B60A-01369ECFC75C}.Debug|Any CPU.Build.0 = Debug|Any CPU
		{E11E75CD-76B0-4287-B60A-01369ECFC75C}.Release|Any CPU.ActiveCfg = Release|Any CPU
		{E11E75CD-76B0-4287-B60A-01369ECFC75C}.Release|Any CPU.Build.0 = Release|Any CPU
		{68788232-4A6A-4294-A4B3-02D182EC8B36}.Debug|Any CPU.ActiveCfg = Debug|Any CPU
		{68788232-4A6A-4294-A4B3-02D182EC8B36}.Debug|Any CPU.Build.0 = Debug|Any CPU
		{68788232-4A6A-4294-A4B3-02D182EC8B36}.Release|Any CPU.ActiveCfg = Release|Any CPU
		{68788232-4A6A-4294-A4B3-02D182EC8B36}.Release|Any CPU.Build.0 = Release|Any CPU
		{BCC2C996-8324-4F7B-87EC-C990722D73A1}.Debug|Any CPU.ActiveCfg = Debug|Any CPU
		{BCC2C996-8324-4F7B-87EC-C990722D73A1}.Debug|Any CPU.Build.0 = Debug|Any CPU
		{BCC2C996-8324-4F7B-87EC-C990722D73A1}.Release|Any CPU.ActiveCfg = Release|Any CPU
		{BCC2C996-8324-4F7B-87EC-C990722D73A1}.Release|Any CPU.Build.0 = Release|Any CPU
	EndGlobalSection
	GlobalSection(SolutionProperties) = preSolution
		HideSolutionNode = FALSE
	EndGlobalSection
	GlobalSection(ExtensibilityGlobals) = postSolution
		SolutionGuid = {3EF1AB92-8222-4150-A13E-BB215D4AE6C7}
	EndGlobalSection
EndGlobal
